Microsoft Visual Studio Solution File, Format Version 7.00
Project("{54435603-DBB4-11D2-8724-00A0C9A8B90C}") = "SQLDMO Object Library", "SQLDMO Object Library.vdproj", "{40BD694C-9E3A-438F-AC64-16EC71BE5DEC}"
EndProject
Global
	GlobalSection(SolutionConfiguration) = preSolution
		ConfigName.0 = Debug
		ConfigName.1 = Release
	EndGlobalSection
	GlobalSection(ProjectDependencies) = postSolution
	EndGlobalSection
	GlobalSection(ProjectConfiguration) = postSolution
		{40BD694C-9E3A-438F-AC64-16EC71BE5DEC}.Debug.ActiveCfg = Debug
		{40BD694C-9E3A-438F-AC64-16EC71BE5DEC}.Debug.Build.0 = Debug
		{40BD694C-9E3A-438F-AC64-16EC71BE5DEC}.Release.ActiveCfg = Release
		{40BD694C-9E3A-438F-AC64-16EC71BE5DEC}.Release.Build.0 = Release
	EndGlobalSection
	GlobalSection(ExtensibilityGlobals) = postSolution
	EndGlobalSection
	GlobalSection(ExtensibilityAddIns) = postSolution
	EndGlobalSection
EndGlobal
