
Microsoft Visual Studio Solution File, Format Version 11.00
# Visual Studio 2010
Project("{FAE04EC0-301F-11D3-BF4B-00C04F79EFBC}") = "Strive.Network.Messages", "Strive\Strive.Network\Strive.Network.Messages\Strive.Network.Messages.csproj", "{EEEC18D5-063D-4DDD-8328-5182F1BA7F26}"
EndProject
Project("{FAE04EC0-301F-11D3-BF4B-00C04F79EFBC}") = "Strive.Server.Console", "Strive\Strive.Server\Strive.Server.Console\Strive.Server.Console.csproj", "{2A3C1FEE-40E3-47F4-818B-B7019D89FCAF}"
EndProject
Project("{FAE04EC0-301F-11D3-BF4B-00C04F79EFBC}") = "Strive.Server.WindowsService", "Strive\Strive.Server\Strive.Server.WindowsService\Strive.Server.WindowsService.csproj", "{7B442827-7C7F-453C-8C26-A137A235789C}"
EndProject
Project("{FAE04EC0-301F-11D3-BF4B-00C04F79EFBC}") = "Strive.Server.Model", "Strive\Strive.Server\Strive.Server.Model\Strive.Server.Model.csproj", "{9FD77152-07A8-42C8-A6B3-15C9E5B442FC}"
EndProject
Project("{FAE04EC0-301F-11D3-BF4B-00C04F79EFBC}") = "Strive.Server.Logic", "Strive\Strive.Server\Strive.Server.Logic\Strive.Server.Logic.csproj", "{4895086D-8485-46EF-8DED-9E4C16227D64}"
EndProject
Project("{FAE04EC0-301F-11D3-BF4B-00C04F79EFBC}") = "Strive.Client.NeoAxisView", "Strive\Strive.Client\Strive.Client.NeoAxisView\Strive.Client.NeoAxisView.csproj", "{138A87E7-78B2-4BDF-BB5C-06D58414A976}"
EndProject
Project("{FAE04EC0-301F-11D3-BF4B-00C04F79EFBC}") = "Strive.Client.WPF", "Strive\Strive.Client\Strive.Client.WPF\Strive.Client.WPF.csproj", "{D6FD917E-F96C-43FB-8211-3CA467DAF6FB}"
EndProject
Project("{FAE04EC0-301F-11D3-BF4B-00C04F79EFBC}") = "Strive.Client.Model", "Strive\Strive.Client\Strive.Client.Model\Strive.Client.Model.csproj", "{81F8F1E4-640B-45B7-9000-072D4C96F8A0}"
EndProject
Project("{FAE04EC0-301F-11D3-BF4B-00C04F79EFBC}") = "Strive.Client.ViewModel", "Strive\Strive.Client\Strive.Client.ViewModel\Strive.Client.ViewModel.csproj", "{5092DF71-BFDA-44A0-9C7B-F4C4A5CE7E2B}"
EndProject
Project("{FAE04EC0-301F-11D3-BF4B-00C04F79EFBC}") = "Strive.Common", "Strive\Strive.Common\Strive.Common.csproj", "{FCB073C1-253E-46D8-BCE4-79B1C1616058}"
EndProject
Project("{FAE04EC0-301F-11D3-BF4B-00C04F79EFBC}") = "Strive.WPF", "Strive\Strive.WPF\Strive.WPF.csproj", "{790D523A-8C3C-480F-885B-C476238FB438}"
EndProject
Project("{F2A71F9B-5D33-465A-A702-920D77279786}") = "Tests", "Strive\Tests\Tests.fsproj", "{648059BF-BAF1-49E3-8FE4-4BB29898B8DC}"
EndProject
Project("{2150E333-8FDC-42A3-9474-1A3956D46DE8}") = "Solution Items", "Solution Items", "{31CEEF19-BBA2-40B5-8BA7-557A30BAADB4}"
EndProject
Project("{FAE04EC0-301F-11D3-BF4B-00C04F79EFBC}") = "Strive.Network.Messaging", "Strive\Strive.Network\Strive.Network.Messaging\Strive.Network.Messaging.csproj", "{757BF7D3-B811-48D7-AE27-0842B0522536}"
EndProject
Project("{F2A71F9B-5D33-465A-A702-920D77279786}") = "Strive.Client.ViewModel.Tests", "Strive\Strive.Client\Strive.Client.ViewModel.Tests\Strive.Client.ViewModel.Tests.fsproj", "{664F52EF-3370-4B6C-87C0-5ED8CF8342F4}"
EndProject
Project("{FAE04EC0-301F-11D3-BF4B-00C04F79EFBC}") = "Strive.Client.ViewModel.TestsCSharp", "Strive\Strive.Client\Strive.Client.ViewModel.TestsCSharp\Strive.Client.ViewModel.TestsCSharp.csproj", "{E627B7FF-234F-472B-8866-2FBCDB632B31}"
EndProject
Project("{FAE04EC0-301F-11D3-BF4B-00C04F79EFBC}") = "Strive.DataModel", "Strive\Strive.DataModel\Strive.DataModel.csproj", "{D0376168-4019-4358-BBE1-C9A2B33051BD}"
EndProject
Global
	GlobalSection(SolutionConfigurationPlatforms) = preSolution
		Debug|Any CPU = Debug|Any CPU
		Debug|Mixed Platforms = Debug|Mixed Platforms
		Debug|x86 = Debug|x86
		Release|Any CPU = Release|Any CPU
		Release|Mixed Platforms = Release|Mixed Platforms
		Release|x86 = Release|x86
		StrongMagic|Any CPU = StrongMagic|Any CPU
		StrongMagic|Mixed Platforms = StrongMagic|Mixed Platforms
		StrongMagic|x86 = StrongMagic|x86
	EndGlobalSection
	GlobalSection(ProjectConfigurationPlatforms) = postSolution
		{EEEC18D5-063D-4DDD-8328-5182F1BA7F26}.Debug|Any CPU.ActiveCfg = Debug|Any CPU
		{EEEC18D5-063D-4DDD-8328-5182F1BA7F26}.Debug|Any CPU.Build.0 = Debug|Any CPU
		{EEEC18D5-063D-4DDD-8328-5182F1BA7F26}.Debug|Mixed Platforms.ActiveCfg = Debug|Any CPU
		{EEEC18D5-063D-4DDD-8328-5182F1BA7F26}.Debug|Mixed Platforms.Build.0 = Debug|Any CPU
		{EEEC18D5-063D-4DDD-8328-5182F1BA7F26}.Debug|x86.ActiveCfg = Debug|Any CPU
		{EEEC18D5-063D-4DDD-8328-5182F1BA7F26}.Release|Any CPU.ActiveCfg = Release|Any CPU
		{EEEC18D5-063D-4DDD-8328-5182F1BA7F26}.Release|Any CPU.Build.0 = Release|Any CPU
		{EEEC18D5-063D-4DDD-8328-5182F1BA7F26}.Release|Mixed Platforms.ActiveCfg = Release|Any CPU
		{EEEC18D5-063D-4DDD-8328-5182F1BA7F26}.Release|Mixed Platforms.Build.0 = Release|Any CPU
		{EEEC18D5-063D-4DDD-8328-5182F1BA7F26}.Release|x86.ActiveCfg = Release|Any CPU
		{EEEC18D5-063D-4DDD-8328-5182F1BA7F26}.StrongMagic|Any CPU.ActiveCfg = Release|Any CPU
		{EEEC18D5-063D-4DDD-8328-5182F1BA7F26}.StrongMagic|Any CPU.Build.0 = Release|Any CPU
		{EEEC18D5-063D-4DDD-8328-5182F1BA7F26}.StrongMagic|Mixed Platforms.ActiveCfg = Release|Any CPU
		{EEEC18D5-063D-4DDD-8328-5182F1BA7F26}.StrongMagic|Mixed Platforms.Build.0 = Release|Any CPU
		{EEEC18D5-063D-4DDD-8328-5182F1BA7F26}.StrongMagic|x86.ActiveCfg = Release|Any CPU
		{2A3C1FEE-40E3-47F4-818B-B7019D89FCAF}.Debug|Any CPU.ActiveCfg = Debug|Any CPU
		{2A3C1FEE-40E3-47F4-818B-B7019D89FCAF}.Debug|Any CPU.Build.0 = Debug|Any CPU
		{2A3C1FEE-40E3-47F4-818B-B7019D89FCAF}.Debug|Mixed Platforms.ActiveCfg = Debug|Any CPU
		{2A3C1FEE-40E3-47F4-818B-B7019D89FCAF}.Debug|Mixed Platforms.Build.0 = Debug|Any CPU
		{2A3C1FEE-40E3-47F4-818B-B7019D89FCAF}.Debug|x86.ActiveCfg = Debug|Any CPU
		{2A3C1FEE-40E3-47F4-818B-B7019D89FCAF}.Release|Any CPU.ActiveCfg = Release|Any CPU
		{2A3C1FEE-40E3-47F4-818B-B7019D89FCAF}.Release|Any CPU.Build.0 = Release|Any CPU
		{2A3C1FEE-40E3-47F4-818B-B7019D89FCAF}.Release|Mixed Platforms.ActiveCfg = Release|Any CPU
		{2A3C1FEE-40E3-47F4-818B-B7019D89FCAF}.Release|Mixed Platforms.Build.0 = Release|Any CPU
		{2A3C1FEE-40E3-47F4-818B-B7019D89FCAF}.Release|x86.ActiveCfg = Release|Any CPU
		{2A3C1FEE-40E3-47F4-818B-B7019D89FCAF}.StrongMagic|Any CPU.ActiveCfg = Release|Any CPU
		{2A3C1FEE-40E3-47F4-818B-B7019D89FCAF}.StrongMagic|Any CPU.Build.0 = Release|Any CPU
		{2A3C1FEE-40E3-47F4-818B-B7019D89FCAF}.StrongMagic|Mixed Platforms.ActiveCfg = Release|Any CPU
		{2A3C1FEE-40E3-47F4-818B-B7019D89FCAF}.StrongMagic|Mixed Platforms.Build.0 = Release|Any CPU
		{2A3C1FEE-40E3-47F4-818B-B7019D89FCAF}.StrongMagic|x86.ActiveCfg = Release|Any CPU
		{7B442827-7C7F-453C-8C26-A137A235789C}.Debug|Any CPU.ActiveCfg = Debug|Any CPU
		{7B442827-7C7F-453C-8C26-A137A235789C}.Debug|Any CPU.Build.0 = Debug|Any CPU
		{7B442827-7C7F-453C-8C26-A137A235789C}.Debug|Mixed Platforms.ActiveCfg = Debug|Any CPU
		{7B442827-7C7F-453C-8C26-A137A235789C}.Debug|Mixed Platforms.Build.0 = Debug|Any CPU
		{7B442827-7C7F-453C-8C26-A137A235789C}.Debug|x86.ActiveCfg = Debug|Any CPU
		{7B442827-7C7F-453C-8C26-A137A235789C}.Release|Any CPU.ActiveCfg = Release|Any CPU
		{7B442827-7C7F-453C-8C26-A137A235789C}.Release|Any CPU.Build.0 = Release|Any CPU
		{7B442827-7C7F-453C-8C26-A137A235789C}.Release|Mixed Platforms.ActiveCfg = Release|Any CPU
		{7B442827-7C7F-453C-8C26-A137A235789C}.Release|Mixed Platforms.Build.0 = Release|Any CPU
		{7B442827-7C7F-453C-8C26-A137A235789C}.Release|x86.ActiveCfg = Release|Any CPU
		{7B442827-7C7F-453C-8C26-A137A235789C}.StrongMagic|Any CPU.ActiveCfg = Release|Any CPU
		{7B442827-7C7F-453C-8C26-A137A235789C}.StrongMagic|Any CPU.Build.0 = Release|Any CPU
		{7B442827-7C7F-453C-8C26-A137A235789C}.StrongMagic|Mixed Platforms.ActiveCfg = Release|Any CPU
		{7B442827-7C7F-453C-8C26-A137A235789C}.StrongMagic|Mixed Platforms.Build.0 = Release|Any CPU
		{7B442827-7C7F-453C-8C26-A137A235789C}.StrongMagic|x86.ActiveCfg = Release|Any CPU
		{9FD77152-07A8-42C8-A6B3-15C9E5B442FC}.Debug|Any CPU.ActiveCfg = Debug|Any CPU
		{9FD77152-07A8-42C8-A6B3-15C9E5B442FC}.Debug|Any CPU.Build.0 = Debug|Any CPU
		{9FD77152-07A8-42C8-A6B3-15C9E5B442FC}.Debug|Mixed Platforms.ActiveCfg = Debug|Any CPU
		{9FD77152-07A8-42C8-A6B3-15C9E5B442FC}.Debug|Mixed Platforms.Build.0 = Debug|Any CPU
		{9FD77152-07A8-42C8-A6B3-15C9E5B442FC}.Debug|x86.ActiveCfg = Debug|Any CPU
		{9FD77152-07A8-42C8-A6B3-15C9E5B442FC}.Release|Any CPU.ActiveCfg = Release|Any CPU
		{9FD77152-07A8-42C8-A6B3-15C9E5B442FC}.Release|Any CPU.Build.0 = Release|Any CPU
		{9FD77152-07A8-42C8-A6B3-15C9E5B442FC}.Release|Mixed Platforms.ActiveCfg = Release|Any CPU
		{9FD77152-07A8-42C8-A6B3-15C9E5B442FC}.Release|Mixed Platforms.Build.0 = Release|Any CPU
		{9FD77152-07A8-42C8-A6B3-15C9E5B442FC}.Release|x86.ActiveCfg = Release|Any CPU
		{9FD77152-07A8-42C8-A6B3-15C9E5B442FC}.StrongMagic|Any CPU.ActiveCfg = Release|Any CPU
		{9FD77152-07A8-42C8-A6B3-15C9E5B442FC}.StrongMagic|Any CPU.Build.0 = Release|Any CPU
		{9FD77152-07A8-42C8-A6B3-15C9E5B442FC}.StrongMagic|Mixed Platforms.ActiveCfg = Release|Any CPU
		{9FD77152-07A8-42C8-A6B3-15C9E5B442FC}.StrongMagic|Mixed Platforms.Build.0 = Release|Any CPU
		{9FD77152-07A8-42C8-A6B3-15C9E5B442FC}.StrongMagic|x86.ActiveCfg = Release|Any CPU
		{4895086D-8485-46EF-8DED-9E4C16227D64}.Debug|Any CPU.ActiveCfg = Debug|Any CPU
		{4895086D-8485-46EF-8DED-9E4C16227D64}.Debug|Any CPU.Build.0 = Debug|Any CPU
		{4895086D-8485-46EF-8DED-9E4C16227D64}.Debug|Mixed Platforms.ActiveCfg = Debug|Any CPU
		{4895086D-8485-46EF-8DED-9E4C16227D64}.Debug|Mixed Platforms.Build.0 = Debug|Any CPU
		{4895086D-8485-46EF-8DED-9E4C16227D64}.Debug|x86.ActiveCfg = Debug|Any CPU
		{4895086D-8485-46EF-8DED-9E4C16227D64}.Release|Any CPU.ActiveCfg = Release|Any CPU
		{4895086D-8485-46EF-8DED-9E4C16227D64}.Release|Any CPU.Build.0 = Release|Any CPU
		{4895086D-8485-46EF-8DED-9E4C16227D64}.Release|Mixed Platforms.ActiveCfg = Release|Any CPU
		{4895086D-8485-46EF-8DED-9E4C16227D64}.Release|Mixed Platforms.Build.0 = Release|Any CPU
		{4895086D-8485-46EF-8DED-9E4C16227D64}.Release|x86.ActiveCfg = Release|Any CPU
		{4895086D-8485-46EF-8DED-9E4C16227D64}.StrongMagic|Any CPU.ActiveCfg = Release|Any CPU
		{4895086D-8485-46EF-8DED-9E4C16227D64}.StrongMagic|Any CPU.Build.0 = Release|Any CPU
		{4895086D-8485-46EF-8DED-9E4C16227D64}.StrongMagic|Mixed Platforms.ActiveCfg = Release|Any CPU
		{4895086D-8485-46EF-8DED-9E4C16227D64}.StrongMagic|Mixed Platforms.Build.0 = Release|Any CPU
		{4895086D-8485-46EF-8DED-9E4C16227D64}.StrongMagic|x86.ActiveCfg = Release|Any CPU
		{138A87E7-78B2-4BDF-BB5C-06D58414A976}.Debug|Any CPU.ActiveCfg = Debug|Any CPU
		{138A87E7-78B2-4BDF-BB5C-06D58414A976}.Debug|Any CPU.Build.0 = Debug|Any CPU
		{138A87E7-78B2-4BDF-BB5C-06D58414A976}.Debug|Mixed Platforms.ActiveCfg = Debug|Any CPU
		{138A87E7-78B2-4BDF-BB5C-06D58414A976}.Debug|Mixed Platforms.Build.0 = Debug|Any CPU
		{138A87E7-78B2-4BDF-BB5C-06D58414A976}.Debug|x86.ActiveCfg = Debug|Any CPU
		{138A87E7-78B2-4BDF-BB5C-06D58414A976}.Release|Any CPU.ActiveCfg = Release|Any CPU
		{138A87E7-78B2-4BDF-BB5C-06D58414A976}.Release|Any CPU.Build.0 = Release|Any CPU
		{138A87E7-78B2-4BDF-BB5C-06D58414A976}.Release|Mixed Platforms.ActiveCfg = Release|Any CPU
		{138A87E7-78B2-4BDF-BB5C-06D58414A976}.Release|Mixed Platforms.Build.0 = Release|Any CPU
		{138A87E7-78B2-4BDF-BB5C-06D58414A976}.Release|x86.ActiveCfg = Release|Any CPU
		{138A87E7-78B2-4BDF-BB5C-06D58414A976}.StrongMagic|Any CPU.ActiveCfg = Release|Any CPU
		{138A87E7-78B2-4BDF-BB5C-06D58414A976}.StrongMagic|Any CPU.Build.0 = Release|Any CPU
		{138A87E7-78B2-4BDF-BB5C-06D58414A976}.StrongMagic|Mixed Platforms.ActiveCfg = Release|Any CPU
		{138A87E7-78B2-4BDF-BB5C-06D58414A976}.StrongMagic|Mixed Platforms.Build.0 = Release|Any CPU
		{138A87E7-78B2-4BDF-BB5C-06D58414A976}.StrongMagic|x86.ActiveCfg = Release|Any CPU
		{D6FD917E-F96C-43FB-8211-3CA467DAF6FB}.Debug|Any CPU.ActiveCfg = Debug|x86
		{D6FD917E-F96C-43FB-8211-3CA467DAF6FB}.Debug|Mixed Platforms.ActiveCfg = Debug|x86
		{D6FD917E-F96C-43FB-8211-3CA467DAF6FB}.Debug|Mixed Platforms.Build.0 = Debug|x86
		{D6FD917E-F96C-43FB-8211-3CA467DAF6FB}.Debug|x86.ActiveCfg = Debug|x86
		{D6FD917E-F96C-43FB-8211-3CA467DAF6FB}.Debug|x86.Build.0 = Debug|x86
		{D6FD917E-F96C-43FB-8211-3CA467DAF6FB}.Release|Any CPU.ActiveCfg = Release|x86
		{D6FD917E-F96C-43FB-8211-3CA467DAF6FB}.Release|Mixed Platforms.ActiveCfg = Release|x86
		{D6FD917E-F96C-43FB-8211-3CA467DAF6FB}.Release|Mixed Platforms.Build.0 = Release|x86
		{D6FD917E-F96C-43FB-8211-3CA467DAF6FB}.Release|x86.ActiveCfg = Release|x86
		{D6FD917E-F96C-43FB-8211-3CA467DAF6FB}.Release|x86.Build.0 = Release|x86
		{D6FD917E-F96C-43FB-8211-3CA467DAF6FB}.StrongMagic|Any CPU.ActiveCfg = Release|x86
		{D6FD917E-F96C-43FB-8211-3CA467DAF6FB}.StrongMagic|Mixed Platforms.ActiveCfg = Release|x86
		{D6FD917E-F96C-43FB-8211-3CA467DAF6FB}.StrongMagic|Mixed Platforms.Build.0 = Release|x86
		{D6FD917E-F96C-43FB-8211-3CA467DAF6FB}.StrongMagic|x86.ActiveCfg = Release|x86
		{D6FD917E-F96C-43FB-8211-3CA467DAF6FB}.StrongMagic|x86.Build.0 = Release|x86
		{81F8F1E4-640B-45B7-9000-072D4C96F8A0}.Debug|Any CPU.ActiveCfg = Debug|Any CPU
		{81F8F1E4-640B-45B7-9000-072D4C96F8A0}.Debug|Any CPU.Build.0 = Debug|Any CPU
		{81F8F1E4-640B-45B7-9000-072D4C96F8A0}.Debug|Mixed Platforms.ActiveCfg = Debug|Any CPU
		{81F8F1E4-640B-45B7-9000-072D4C96F8A0}.Debug|Mixed Platforms.Build.0 = Debug|Any CPU
		{81F8F1E4-640B-45B7-9000-072D4C96F8A0}.Debug|x86.ActiveCfg = Debug|Any CPU
		{81F8F1E4-640B-45B7-9000-072D4C96F8A0}.Release|Any CPU.ActiveCfg = Release|Any CPU
		{81F8F1E4-640B-45B7-9000-072D4C96F8A0}.Release|Any CPU.Build.0 = Release|Any CPU
		{81F8F1E4-640B-45B7-9000-072D4C96F8A0}.Release|Mixed Platforms.ActiveCfg = Release|Any CPU
		{81F8F1E4-640B-45B7-9000-072D4C96F8A0}.Release|Mixed Platforms.Build.0 = Release|Any CPU
		{81F8F1E4-640B-45B7-9000-072D4C96F8A0}.Release|x86.ActiveCfg = Release|Any CPU
		{81F8F1E4-640B-45B7-9000-072D4C96F8A0}.StrongMagic|Any CPU.ActiveCfg = Release|Any CPU
		{81F8F1E4-640B-45B7-9000-072D4C96F8A0}.StrongMagic|Any CPU.Build.0 = Release|Any CPU
		{81F8F1E4-640B-45B7-9000-072D4C96F8A0}.StrongMagic|Mixed Platforms.ActiveCfg = Release|Any CPU
		{81F8F1E4-640B-45B7-9000-072D4C96F8A0}.StrongMagic|Mixed Platforms.Build.0 = Release|Any CPU
		{81F8F1E4-640B-45B7-9000-072D4C96F8A0}.StrongMagic|x86.ActiveCfg = Release|Any CPU
		{5092DF71-BFDA-44A0-9C7B-F4C4A5CE7E2B}.Debug|Any CPU.ActiveCfg = Debug|Any CPU
		{5092DF71-BFDA-44A0-9C7B-F4C4A5CE7E2B}.Debug|Any CPU.Build.0 = Debug|Any CPU
		{5092DF71-BFDA-44A0-9C7B-F4C4A5CE7E2B}.Debug|Mixed Platforms.ActiveCfg = Debug|Any CPU
		{5092DF71-BFDA-44A0-9C7B-F4C4A5CE7E2B}.Debug|Mixed Platforms.Build.0 = Debug|Any CPU
		{5092DF71-BFDA-44A0-9C7B-F4C4A5CE7E2B}.Debug|x86.ActiveCfg = Debug|Any CPU
		{5092DF71-BFDA-44A0-9C7B-F4C4A5CE7E2B}.Release|Any CPU.ActiveCfg = Release|Any CPU
		{5092DF71-BFDA-44A0-9C7B-F4C4A5CE7E2B}.Release|Any CPU.Build.0 = Release|Any CPU
		{5092DF71-BFDA-44A0-9C7B-F4C4A5CE7E2B}.Release|Mixed Platforms.ActiveCfg = Release|Any CPU
		{5092DF71-BFDA-44A0-9C7B-F4C4A5CE7E2B}.Release|Mixed Platforms.Build.0 = Release|Any CPU
		{5092DF71-BFDA-44A0-9C7B-F4C4A5CE7E2B}.Release|x86.ActiveCfg = Release|Any CPU
		{5092DF71-BFDA-44A0-9C7B-F4C4A5CE7E2B}.StrongMagic|Any CPU.ActiveCfg = Release|Any CPU
		{5092DF71-BFDA-44A0-9C7B-F4C4A5CE7E2B}.StrongMagic|Any CPU.Build.0 = Release|Any CPU
		{5092DF71-BFDA-44A0-9C7B-F4C4A5CE7E2B}.StrongMagic|Mixed Platforms.ActiveCfg = Release|Any CPU
		{5092DF71-BFDA-44A0-9C7B-F4C4A5CE7E2B}.StrongMagic|Mixed Platforms.Build.0 = Release|Any CPU
		{5092DF71-BFDA-44A0-9C7B-F4C4A5CE7E2B}.StrongMagic|x86.ActiveCfg = Release|Any CPU
		{FCB073C1-253E-46D8-BCE4-79B1C1616058}.Debug|Any CPU.ActiveCfg = Debug|Any CPU
		{FCB073C1-253E-46D8-BCE4-79B1C1616058}.Debug|Any CPU.Build.0 = Debug|Any CPU
		{FCB073C1-253E-46D8-BCE4-79B1C1616058}.Debug|Mixed Platforms.ActiveCfg = Debug|Any CPU
		{FCB073C1-253E-46D8-BCE4-79B1C1616058}.Debug|Mixed Platforms.Build.0 = Debug|Any CPU
		{FCB073C1-253E-46D8-BCE4-79B1C1616058}.Debug|x86.ActiveCfg = Debug|Any CPU
		{FCB073C1-253E-46D8-BCE4-79B1C1616058}.Release|Any CPU.ActiveCfg = Release|Any CPU
		{FCB073C1-253E-46D8-BCE4-79B1C1616058}.Release|Any CPU.Build.0 = Release|Any CPU
		{FCB073C1-253E-46D8-BCE4-79B1C1616058}.Release|Mixed Platforms.ActiveCfg = Release|Any CPU
		{FCB073C1-253E-46D8-BCE4-79B1C1616058}.Release|Mixed Platforms.Build.0 = Release|Any CPU
		{FCB073C1-253E-46D8-BCE4-79B1C1616058}.Release|x86.ActiveCfg = Release|Any CPU
		{FCB073C1-253E-46D8-BCE4-79B1C1616058}.StrongMagic|Any CPU.ActiveCfg = Release|Any CPU
		{FCB073C1-253E-46D8-BCE4-79B1C1616058}.StrongMagic|Any CPU.Build.0 = Release|Any CPU
		{FCB073C1-253E-46D8-BCE4-79B1C1616058}.StrongMagic|Mixed Platforms.ActiveCfg = Release|Any CPU
		{FCB073C1-253E-46D8-BCE4-79B1C1616058}.StrongMagic|Mixed Platforms.Build.0 = Release|Any CPU
		{FCB073C1-253E-46D8-BCE4-79B1C1616058}.StrongMagic|x86.ActiveCfg = Release|Any CPU
		{790D523A-8C3C-480F-885B-C476238FB438}.Debug|Any CPU.ActiveCfg = Debug|Any CPU
		{790D523A-8C3C-480F-885B-C476238FB438}.Debug|Any CPU.Build.0 = Debug|Any CPU
		{790D523A-8C3C-480F-885B-C476238FB438}.Debug|Mixed Platforms.ActiveCfg = Debug|Any CPU
		{790D523A-8C3C-480F-885B-C476238FB438}.Debug|Mixed Platforms.Build.0 = Debug|Any CPU
		{790D523A-8C3C-480F-885B-C476238FB438}.Debug|x86.ActiveCfg = Debug|Any CPU
		{790D523A-8C3C-480F-885B-C476238FB438}.Release|Any CPU.ActiveCfg = Release|Any CPU
		{790D523A-8C3C-480F-885B-C476238FB438}.Release|Any CPU.Build.0 = Release|Any CPU
		{790D523A-8C3C-480F-885B-C476238FB438}.Release|Mixed Platforms.ActiveCfg = Release|Any CPU
		{790D523A-8C3C-480F-885B-C476238FB438}.Release|Mixed Platforms.Build.0 = Release|Any CPU
		{790D523A-8C3C-480F-885B-C476238FB438}.Release|x86.ActiveCfg = Release|Any CPU
		{790D523A-8C3C-480F-885B-C476238FB438}.StrongMagic|Any CPU.ActiveCfg = Release|Any CPU
		{790D523A-8C3C-480F-885B-C476238FB438}.StrongMagic|Any CPU.Build.0 = Release|Any CPU
		{790D523A-8C3C-480F-885B-C476238FB438}.StrongMagic|Mixed Platforms.ActiveCfg = Release|Any CPU
		{790D523A-8C3C-480F-885B-C476238FB438}.StrongMagic|Mixed Platforms.Build.0 = Release|Any CPU
		{790D523A-8C3C-480F-885B-C476238FB438}.StrongMagic|x86.ActiveCfg = Release|Any CPU
		{648059BF-BAF1-49E3-8FE4-4BB29898B8DC}.Debug|Any CPU.ActiveCfg = Debug|Any CPU
		{648059BF-BAF1-49E3-8FE4-4BB29898B8DC}.Debug|Any CPU.Build.0 = Debug|Any CPU
		{648059BF-BAF1-49E3-8FE4-4BB29898B8DC}.Debug|Mixed Platforms.ActiveCfg = Debug|Any CPU
		{648059BF-BAF1-49E3-8FE4-4BB29898B8DC}.Debug|Mixed Platforms.Build.0 = Debug|Any CPU
		{648059BF-BAF1-49E3-8FE4-4BB29898B8DC}.Debug|x86.ActiveCfg = Debug|Any CPU
		{648059BF-BAF1-49E3-8FE4-4BB29898B8DC}.Release|Any CPU.ActiveCfg = Release|Any CPU
		{648059BF-BAF1-49E3-8FE4-4BB29898B8DC}.Release|Any CPU.Build.0 = Release|Any CPU
		{648059BF-BAF1-49E3-8FE4-4BB29898B8DC}.Release|Mixed Platforms.ActiveCfg = Release|Any CPU
		{648059BF-BAF1-49E3-8FE4-4BB29898B8DC}.Release|Mixed Platforms.Build.0 = Release|Any CPU
		{648059BF-BAF1-49E3-8FE4-4BB29898B8DC}.Release|x86.ActiveCfg = Release|Any CPU
		{648059BF-BAF1-49E3-8FE4-4BB29898B8DC}.StrongMagic|Any CPU.ActiveCfg = Release|Any CPU
		{648059BF-BAF1-49E3-8FE4-4BB29898B8DC}.StrongMagic|Any CPU.Build.0 = Release|Any CPU
		{648059BF-BAF1-49E3-8FE4-4BB29898B8DC}.StrongMagic|Mixed Platforms.ActiveCfg = Release|Any CPU
		{648059BF-BAF1-49E3-8FE4-4BB29898B8DC}.StrongMagic|Mixed Platforms.Build.0 = Release|Any CPU
		{648059BF-BAF1-49E3-8FE4-4BB29898B8DC}.StrongMagic|x86.ActiveCfg = Release|Any CPU
		{757BF7D3-B811-48D7-AE27-0842B0522536}.Debug|Any CPU.ActiveCfg = Debug|Any CPU
		{757BF7D3-B811-48D7-AE27-0842B0522536}.Debug|Any CPU.Build.0 = Debug|Any CPU
		{757BF7D3-B811-48D7-AE27-0842B0522536}.Debug|Mixed Platforms.ActiveCfg = Debug|Any CPU
		{757BF7D3-B811-48D7-AE27-0842B0522536}.Debug|Mixed Platforms.Build.0 = Debug|Any CPU
		{757BF7D3-B811-48D7-AE27-0842B0522536}.Debug|x86.ActiveCfg = Debug|Any CPU
		{757BF7D3-B811-48D7-AE27-0842B0522536}.Release|Any CPU.ActiveCfg = Release|Any CPU
		{757BF7D3-B811-48D7-AE27-0842B0522536}.Release|Any CPU.Build.0 = Release|Any CPU
		{757BF7D3-B811-48D7-AE27-0842B0522536}.Release|Mixed Platforms.ActiveCfg = Release|Any CPU
		{757BF7D3-B811-48D7-AE27-0842B0522536}.Release|Mixed Platforms.Build.0 = Release|Any CPU
		{757BF7D3-B811-48D7-AE27-0842B0522536}.Release|x86.ActiveCfg = Release|Any CPU
		{757BF7D3-B811-48D7-AE27-0842B0522536}.StrongMagic|Any CPU.ActiveCfg = Release|Any CPU
		{757BF7D3-B811-48D7-AE27-0842B0522536}.StrongMagic|Any CPU.Build.0 = Release|Any CPU
		{757BF7D3-B811-48D7-AE27-0842B0522536}.StrongMagic|Mixed Platforms.ActiveCfg = Release|Any CPU
		{757BF7D3-B811-48D7-AE27-0842B0522536}.StrongMagic|Mixed Platforms.Build.0 = Release|Any CPU
		{757BF7D3-B811-48D7-AE27-0842B0522536}.StrongMagic|x86.ActiveCfg = Release|Any CPU
		{664F52EF-3370-4B6C-87C0-5ED8CF8342F4}.Debug|Any CPU.ActiveCfg = Debug|Any CPU
		{664F52EF-3370-4B6C-87C0-5ED8CF8342F4}.Debug|Any CPU.Build.0 = Debug|Any CPU
		{664F52EF-3370-4B6C-87C0-5ED8CF8342F4}.Debug|Mixed Platforms.ActiveCfg = Debug|Any CPU
		{664F52EF-3370-4B6C-87C0-5ED8CF8342F4}.Debug|Mixed Platforms.Build.0 = Debug|Any CPU
		{664F52EF-3370-4B6C-87C0-5ED8CF8342F4}.Debug|x86.ActiveCfg = Debug|Any CPU
		{664F52EF-3370-4B6C-87C0-5ED8CF8342F4}.Release|Any CPU.ActiveCfg = Release|Any CPU
		{664F52EF-3370-4B6C-87C0-5ED8CF8342F4}.Release|Any CPU.Build.0 = Release|Any CPU
		{664F52EF-3370-4B6C-87C0-5ED8CF8342F4}.Release|Mixed Platforms.ActiveCfg = Release|Any CPU
		{664F52EF-3370-4B6C-87C0-5ED8CF8342F4}.Release|Mixed Platforms.Build.0 = Release|Any CPU
		{664F52EF-3370-4B6C-87C0-5ED8CF8342F4}.Release|x86.ActiveCfg = Release|Any CPU
		{664F52EF-3370-4B6C-87C0-5ED8CF8342F4}.StrongMagic|Any CPU.ActiveCfg = Release|Any CPU
		{664F52EF-3370-4B6C-87C0-5ED8CF8342F4}.StrongMagic|Any CPU.Build.0 = Release|Any CPU
		{664F52EF-3370-4B6C-87C0-5ED8CF8342F4}.StrongMagic|Mixed Platforms.ActiveCfg = Release|Any CPU
		{664F52EF-3370-4B6C-87C0-5ED8CF8342F4}.StrongMagic|Mixed Platforms.Build.0 = Release|Any CPU
		{664F52EF-3370-4B6C-87C0-5ED8CF8342F4}.StrongMagic|x86.ActiveCfg = Release|Any CPU
		{E627B7FF-234F-472B-8866-2FBCDB632B31}.Debug|Any CPU.ActiveCfg = Debug|Any CPU
		{E627B7FF-234F-472B-8866-2FBCDB632B31}.Debug|Any CPU.Build.0 = Debug|Any CPU
		{E627B7FF-234F-472B-8866-2FBCDB632B31}.Debug|Mixed Platforms.ActiveCfg = Debug|Any CPU
		{E627B7FF-234F-472B-8866-2FBCDB632B31}.Debug|Mixed Platforms.Build.0 = Debug|Any CPU
		{E627B7FF-234F-472B-8866-2FBCDB632B31}.Debug|x86.ActiveCfg = Debug|Any CPU
		{E627B7FF-234F-472B-8866-2FBCDB632B31}.Release|Any CPU.ActiveCfg = Release|Any CPU
		{E627B7FF-234F-472B-8866-2FBCDB632B31}.Release|Any CPU.Build.0 = Release|Any CPU
		{E627B7FF-234F-472B-8866-2FBCDB632B31}.Release|Mixed Platforms.ActiveCfg = Release|Any CPU
		{E627B7FF-234F-472B-8866-2FBCDB632B31}.Release|Mixed Platforms.Build.0 = Release|Any CPU
		{E627B7FF-234F-472B-8866-2FBCDB632B31}.Release|x86.ActiveCfg = Release|Any CPU
		{E627B7FF-234F-472B-8866-2FBCDB632B31}.StrongMagic|Any CPU.ActiveCfg = Release|Any CPU
		{E627B7FF-234F-472B-8866-2FBCDB632B31}.StrongMagic|Any CPU.Build.0 = Release|Any CPU
		{E627B7FF-234F-472B-8866-2FBCDB632B31}.StrongMagic|Mixed Platforms.ActiveCfg = Release|Any CPU
		{E627B7FF-234F-472B-8866-2FBCDB632B31}.StrongMagic|Mixed Platforms.Build.0 = Release|Any CPU
		{E627B7FF-234F-472B-8866-2FBCDB632B31}.StrongMagic|x86.ActiveCfg = Release|Any CPU
		{D0376168-4019-4358-BBE1-C9A2B33051BD}.Debug|Any CPU.ActiveCfg = Debug|Any CPU
		{D0376168-4019-4358-BBE1-C9A2B33051BD}.Debug|Any CPU.Build.0 = Debug|Any CPU
		{D0376168-4019-4358-BBE1-C9A2B33051BD}.Debug|Mixed Platforms.ActiveCfg = Debug|Any CPU
		{D0376168-4019-4358-BBE1-C9A2B33051BD}.Debug|Mixed Platforms.Build.0 = Debug|Any CPU
		{D0376168-4019-4358-BBE1-C9A2B33051BD}.Debug|x86.ActiveCfg = Debug|Any CPU
		{D0376168-4019-4358-BBE1-C9A2B33051BD}.Release|Any CPU.ActiveCfg = Release|Any CPU
		{D0376168-4019-4358-BBE1-C9A2B33051BD}.Release|Any CPU.Build.0 = Release|Any CPU
		{D0376168-4019-4358-BBE1-C9A2B33051BD}.Release|Mixed Platforms.ActiveCfg = Release|Any CPU
		{D0376168-4019-4358-BBE1-C9A2B33051BD}.Release|Mixed Platforms.Build.0 = Release|Any CPU
		{D0376168-4019-4358-BBE1-C9A2B33051BD}.Release|x86.ActiveCfg = Release|Any CPU
		{D0376168-4019-4358-BBE1-C9A2B33051BD}.StrongMagic|Any CPU.ActiveCfg = Release|Any CPU
		{D0376168-4019-4358-BBE1-C9A2B33051BD}.StrongMagic|Any CPU.Build.0 = Release|Any CPU
		{D0376168-4019-4358-BBE1-C9A2B33051BD}.StrongMagic|Mixed Platforms.ActiveCfg = Release|Any CPU
		{D0376168-4019-4358-BBE1-C9A2B33051BD}.StrongMagic|Mixed Platforms.Build.0 = Release|Any CPU
		{D0376168-4019-4358-BBE1-C9A2B33051BD}.StrongMagic|x86.ActiveCfg = Release|Any CPU
	EndGlobalSection
	GlobalSection(SolutionProperties) = preSolution
		HideSolutionNode = FALSE
	EndGlobalSection
EndGlobal
